// !$*UTF8*$!
{
	archiveVersion = 1;
	classes = {
	};
	objectVersion = 48;
	objects = {

/* Begin PBXBuildFile section */
		91927FA4FC6E8CAA72730631 /* Pods_Login.framework in Frameworks */ = {isa = PBXBuildFile; fileRef = 78BC19802845630BFBF5B341 /* Pods_Login.framework */; };
		BEB72AA71F5771120067BC00 /* AppDelegate.swift in Sources */ = {isa = PBXBuildFile; fileRef = BEB72AA61F5771120067BC00 /* AppDelegate.swift */; };
		BEB72AAC1F5771120067BC00 /* Main.storyboard in Resources */ = {isa = PBXBuildFile; fileRef = BEB72AAA1F5771120067BC00 /* Main.storyboard */; };
		BEB72AAF1F5771120067BC00 /* __Login.xcdatamodeld in Sources */ = {isa = PBXBuildFile; fileRef = BEB72AAD1F5771120067BC00 /* __Login.xcdatamodeld */; };
		BEB72AB11F5771120067BC00 /* Assets.xcassets in Resources */ = {isa = PBXBuildFile; fileRef = BEB72AB01F5771120067BC00 /* Assets.xcassets */; };
		BEDB87A81F6FDBB300767C6F /* LoginViewController.swift in Sources */ = {isa = PBXBuildFile; fileRef = BEDB87A71F6FDBB300767C6F /* LoginViewController.swift */; };
		BEDB87AB1F6FDBF500767C6F /* UserData.swift in Sources */ = {isa = PBXBuildFile; fileRef = BEDB87AA1F6FDBF500767C6F /* UserData.swift */; };
		BEDB87AF1F6FDC5A00767C6F /* String+ValidEmail.swift in Sources */ = {isa = PBXBuildFile; fileRef = BEDB87AD1F6FDC5A00767C6F /* String+ValidEmail.swift */; };
		BEDB87B01F6FDC5A00767C6F /* LoginViewController+TextField.swift in Sources */ = {isa = PBXBuildFile; fileRef = BEDB87AE1F6FDC5A00767C6F /* LoginViewController+TextField.swift */; };
/* End PBXBuildFile section */

/* Begin PBXFileReference section */
		5FCE2858A050AE94DECAB46C /* Pods-Login.release.xcconfig */ = {isa = PBXFileReference; includeInIndex = 1; lastKnownFileType = text.xcconfig; name = "Pods-Login.release.xcconfig"; path = "Pods/Target Support Files/Pods-Login/Pods-Login.release.xcconfig"; sourceTree = "<group>"; };
		78BC19802845630BFBF5B341 /* Pods_Login.framework */ = {isa = PBXFileReference; explicitFileType = wrapper.framework; includeInIndex = 0; path = Pods_Login.framework; sourceTree = BUILT_PRODUCTS_DIR; };
		BEB72AA31F5771120067BC00 /* Login.app */ = {isa = PBXFileReference; explicitFileType = wrapper.application; includeInIndex = 0; path = Login.app; sourceTree = BUILT_PRODUCTS_DIR; };
		BEB72AA61F5771120067BC00 /* AppDelegate.swift */ = {isa = PBXFileReference; lastKnownFileType = sourcecode.swift; path = AppDelegate.swift; sourceTree = "<group>"; };
		BEB72AAB1F5771120067BC00 /* Base */ = {isa = PBXFileReference; lastKnownFileType = file.storyboard; name = Base; path = Base.lproj/Main.storyboard; sourceTree = "<group>"; };
		BEB72AAE1F5771120067BC00 /* __Login.xcdatamodel */ = {isa = PBXFileReference; lastKnownFileType = wrapper.xcdatamodel; path = __Login.xcdatamodel; sourceTree = "<group>"; };
		BEB72AB01F5771120067BC00 /* Assets.xcassets */ = {isa = PBXFileReference; lastKnownFileType = folder.assetcatalog; path = Assets.xcassets; sourceTree = "<group>"; };
		BEB72AB51F5771120067BC00 /* Info.plist */ = {isa = PBXFileReference; lastKnownFileType = text.plist.xml; path = Info.plist; sourceTree = "<group>"; };
		BEDB87A71F6FDBB300767C6F /* LoginViewController.swift */ = {isa = PBXFileReference; fileEncoding = 4; lastKnownFileType = sourcecode.swift; path = LoginViewController.swift; sourceTree = "<group>"; };
		BEDB87AA1F6FDBF500767C6F /* UserData.swift */ = {isa = PBXFileReference; lastKnownFileType = sourcecode.swift; path = UserData.swift; sourceTree = "<group>"; };
		BEDB87AD1F6FDC5A00767C6F /* String+ValidEmail.swift */ = {isa = PBXFileReference; fileEncoding = 4; lastKnownFileType = sourcecode.swift; name = "String+ValidEmail.swift"; path = "Login/Extensions/String+ValidEmail.swift"; sourceTree = SOURCE_ROOT; };
		BEDB87AE1F6FDC5A00767C6F /* LoginViewController+TextField.swift */ = {isa = PBXFileReference; fileEncoding = 4; lastKnownFileType = sourcecode.swift; name = "LoginViewController+TextField.swift"; path = "Login/Extensions/LoginViewController+TextField.swift"; sourceTree = SOURCE_ROOT; };
		D33DC111816E1FE2A37CFBAC /* Pods-Login.debug.xcconfig */ = {isa = PBXFileReference; includeInIndex = 1; lastKnownFileType = text.xcconfig; name = "Pods-Login.debug.xcconfig"; path = "Pods/Target Support Files/Pods-Login/Pods-Login.debug.xcconfig"; sourceTree = "<group>"; };
/* End PBXFileReference section */

/* Begin PBXFrameworksBuildPhase section */
		BEB72AA01F5771120067BC00 /* Frameworks */ = {
			isa = PBXFrameworksBuildPhase;
			buildActionMask = 2147483647;
			files = (
				91927FA4FC6E8CAA72730631 /* Pods_Login.framework in Frameworks */,
			);
			runOnlyForDeploymentPostprocessing = 0;
		};
/* End PBXFrameworksBuildPhase section */

/* Begin PBXGroup section */
		BEB72A9A1F5771120067BC00 = {
			isa = PBXGroup;
			children = (
				BEB72AA51F5771120067BC00 /* Login */,
				BEB72AA41F5771120067BC00 /* Products */,
				F1C6396EDFF48D526E880893 /* Pods */,
				E0A534E7CF83562422C0514F /* Frameworks */,
			);
			sourceTree = "<group>";
		};
		BEB72AA41F5771120067BC00 /* Products */ = {
			isa = PBXGroup;
			children = (
				BEB72AA31F5771120067BC00 /* Login.app */,
			);
			name = Products;
			sourceTree = "<group>";
		};
		BEB72AA51F5771120067BC00 /* Login */ = {
			isa = PBXGroup;
			children = (
				BEB72AAA1F5771120067BC00 /* Main.storyboard */,
				BEB72AA61F5771120067BC00 /* AppDelegate.swift */,
				BEB72AB51F5771120067BC00 /* Info.plist */,
				BEB72ABB1F5771290067BC00 /* ViewControllers */,
				BEDB87AC1F6FDC3600767C6F /* Extensions */,
				BEDB87A91F6FDBCC00767C6F /* Model */,
			);
			path = Login;
			sourceTree = "<group>";
		};
		BEB72ABB1F5771290067BC00 /* ViewControllers */ = {
			isa = PBXGroup;
			children = (
				BEDB87A71F6FDBB300767C6F /* LoginViewController.swift */,
			);
			path = ViewControllers;
			sourceTree = "<group>";
		};
		BEDB87A91F6FDBCC00767C6F /* Model */ = {
			isa = PBXGroup;
			children = (
				BEB72AB01F5771120067BC00 /* Assets.xcassets */,
				BEB72AAD1F5771120067BC00 /* __Login.xcdatamodeld */,
				BEDB87AA1F6FDBF500767C6F /* UserData.swift */,
			);
			path = Model;
			sourceTree = "<group>";
		};
		BEDB87AC1F6FDC3600767C6F /* Extensions */ = {
			isa = PBXGroup;
			children = (
				BEDB87AE1F6FDC5A00767C6F /* LoginViewController+TextField.swift */,
				BEDB87AD1F6FDC5A00767C6F /* String+ValidEmail.swift */,
			);
			name = Extensions;
			path = Model/Extensions;
			sourceTree = "<group>";
		};
		E0A534E7CF83562422C0514F /* Frameworks */ = {
			isa = PBXGroup;
			children = (
				78BC19802845630BFBF5B341 /* Pods_Login.framework */,
			);
			name = Frameworks;
			sourceTree = "<group>";
		};
		F1C6396EDFF48D526E880893 /* Pods */ = {
			isa = PBXGroup;
			children = (
				D33DC111816E1FE2A37CFBAC /* Pods-Login.debug.xcconfig */,
				5FCE2858A050AE94DECAB46C /* Pods-Login.release.xcconfig */,
			);
			name = Pods;
			sourceTree = "<group>";
		};
/* End PBXGroup section */

/* Begin PBXNativeTarget section */
		BEB72AA21F5771120067BC00 /* Login */ = {
			isa = PBXNativeTarget;
			buildConfigurationList = BEB72AB81F5771120067BC00 /* Build configuration list for PBXNativeTarget "Login" */;
			buildPhases = (
				F8970FE52B16CCE41D2FE0CC /* [CP] Check Pods Manifest.lock */,
				BEB72A9F1F5771120067BC00 /* Sources */,
				BEB72AA01F5771120067BC00 /* Frameworks */,
				BEB72AA11F5771120067BC00 /* Resources */,
				1DC9C3E2A34B5FD308C28E4B /* [CP] Embed Pods Frameworks */,
				89A0F013967C1E5903054534 /* [CP] Copy Pods Resources */,
			);
			buildRules = (
			);
			dependencies = (
			);
			name = Login;
			productName = "1-Storyboard";
			productReference = BEB72AA31F5771120067BC00 /* Login.app */;
			productType = "com.apple.product-type.application";
		};
/* End PBXNativeTarget section */

/* Begin PBXProject section */
		BEB72A9B1F5771120067BC00 /* Project object */ = {
			isa = PBXProject;
			attributes = {
				LastSwiftUpdateCheck = 0900;
				LastUpgradeCheck = 0900;
				ORGANIZATIONNAME = "Mark Hoath";
				TargetAttributes = {
					BEB72AA21F5771120067BC00 = {
						CreatedOnToolsVersion = 9.0;
						ProvisioningStyle = Automatic;
					};
				};
			};
			buildConfigurationList = BEB72A9E1F5771120067BC00 /* Build configuration list for PBXProject "Login" */;
			compatibilityVersion = "Xcode 8.0";
			developmentRegion = en;
			hasScannedForEncodings = 0;
			knownRegions = (
				en,
				Base,
			);
			mainGroup = BEB72A9A1F5771120067BC00;
			productRefGroup = BEB72AA41F5771120067BC00 /* Products */;
			projectDirPath = "";
			projectRoot = "";
			targets = (
				BEB72AA21F5771120067BC00 /* Login */,
			);
		};
/* End PBXProject section */

/* Begin PBXResourcesBuildPhase section */
		BEB72AA11F5771120067BC00 /* Resources */ = {
			isa = PBXResourcesBuildPhase;
			buildActionMask = 2147483647;
			files = (
				BEB72AB11F5771120067BC00 /* Assets.xcassets in Resources */,
				BEB72AAC1F5771120067BC00 /* Main.storyboard in Resources */,
			);
			runOnlyForDeploymentPostprocessing = 0;
		};
/* End PBXResourcesBuildPhase section */

/* Begin PBXShellScriptBuildPhase section */
		1DC9C3E2A34B5FD308C28E4B /* [CP] Embed Pods Frameworks */ = {
			isa = PBXShellScriptBuildPhase;
			buildActionMask = 2147483647;
			files = (
			);
			inputPaths = (
				"${SRCROOT}/Pods/Target Support Files/Pods-Login/Pods-Login-frameworks.sh",
				"${BUILT_PRODUCTS_DIR}/IQKeyboardManager/IQKeyboardManager.framework",
			);
			name = "[CP] Embed Pods Frameworks";
			outputPaths = (
				"${TARGET_BUILD_DIR}/${FRAMEWORKS_FOLDER_PATH}/IQKeyboardManager.framework",
			);
			runOnlyForDeploymentPostprocessing = 0;
			shellPath = /bin/sh;
			shellScript = "\"${SRCROOT}/Pods/Target Support Files/Pods-Login/Pods-Login-frameworks.sh\"\n";
			showEnvVarsInLog = 0;
		};
		89A0F013967C1E5903054534 /* [CP] Copy Pods Resources */ = {
			isa = PBXShellScriptBuildPhase;
			buildActionMask = 2147483647;
			files = (
			);
			inputPaths = (
			);
			name = "[CP] Copy Pods Resources";
			outputPaths = (
			);
			runOnlyForDeploymentPostprocessing = 0;
			shellPath = /bin/sh;
			shellScript = "\"${SRCROOT}/Pods/Target Support Files/Pods-Login/Pods-Login-resources.sh\"\n";
			showEnvVarsInLog = 0;
		};
		F8970FE52B16CCE41D2FE0CC /* [CP] Check Pods Manifest.lock */ = {
			isa = PBXShellScriptBuildPhase;
			buildActionMask = 2147483647;
			files = (
			);
			inputPaths = (
				"${PODS_PODFILE_DIR_PATH}/Podfile.lock",
				"${PODS_ROOT}/Manifest.lock",
			);
			name = "[CP] Check Pods Manifest.lock";
			outputPaths = (
				"$(DERIVED_FILE_DIR)/Pods-Login-checkManifestLockResult.txt",
			);
			runOnlyForDeploymentPostprocessing = 0;
			shellPath = /bin/sh;
			shellScript = "diff \"${PODS_PODFILE_DIR_PATH}/Podfile.lock\" \"${PODS_ROOT}/Manifest.lock\" > /dev/null\nif [ $? != 0 ] ; then\n    # print error to STDERR\n    echo \"error: The sandbox is not in sync with the Podfile.lock. Run 'pod install' or update your CocoaPods installation.\" >&2\n    exit 1\nfi\n# This output is used by Xcode 'outputs' to avoid re-running this script phase.\necho \"SUCCESS\" > \"${SCRIPT_OUTPUT_FILE_0}\"\n";
			showEnvVarsInLog = 0;
		};
/* End PBXShellScriptBuildPhase section */

/* Begin PBXSourcesBuildPhase section */
		BEB72A9F1F5771120067BC00 /* Sources */ = {
			isa = PBXSourcesBuildPhase;
			buildActionMask = 2147483647;
			files = (
				BEDB87A81F6FDBB300767C6F /* LoginViewController.swift in Sources */,
				BEB72AA71F5771120067BC00 /* AppDelegate.swift in Sources */,
				BEDB87B01F6FDC5A00767C6F /* LoginViewController+TextField.swift in Sources */,
				BEDB87AB1F6FDBF500767C6F /* UserData.swift in Sources */,
				BEB72AAF1F5771120067BC00 /* __Login.xcdatamodeld in Sources */,
				BEDB87AF1F6FDC5A00767C6F /* String+ValidEmail.swift in Sources */,
			);
			runOnlyForDeploymentPostprocessing = 0;
		};
/* End PBXSourcesBuildPhase section */

/* Begin PBXVariantGroup section */
		BEB72AAA1F5771120067BC00 /* Main.storyboard */ = {
			isa = PBXVariantGroup;
			children = (
				BEB72AAB1F5771120067BC00 /* Base */,
			);
			name = Main.storyboard;
			sourceTree = "<group>";
		};
/* End PBXVariantGroup section */

/* Begin XCBuildConfiguration section */
		BEB72AB61F5771120067BC00 /* Debug */ = {
			isa = XCBuildConfiguration;
			buildSettings = {
				ALWAYS_SEARCH_USER_PATHS = NO;
				CLANG_ANALYZER_NONNULL = YES;
				CLANG_ANALYZER_NUMBER_OBJECT_CONVERSION = YES_AGGRESSIVE;
				CLANG_CXX_LANGUAGE_STANDARD = "gnu++14";
				CLANG_CXX_LIBRARY = "libc++";
				CLANG_ENABLE_MODULES = YES;
				CLANG_ENABLE_OBJC_ARC = YES;
				CLANG_WARN_BLOCK_CAPTURE_AUTORELEASING = YES;
				CLANG_WARN_BOOL_CONVERSION = YES;
				CLANG_WARN_COMMA = YES;
				CLANG_WARN_CONSTANT_CONVERSION = YES;
				CLANG_WARN_DIRECT_OBJC_ISA_USAGE = YES_ERROR;
				CLANG_WARN_DOCUMENTATION_COMMENTS = YES;
				CLANG_WARN_EMPTY_BODY = YES;
				CLANG_WARN_ENUM_CONVERSION = YES;
				CLANG_WARN_INFINITE_RECURSION = YES;
				CLANG_WARN_INT_CONVERSION = YES;
				CLANG_WARN_NON_LITERAL_NULL_CONVERSION = YES;
				CLANG_WARN_OBJC_LITERAL_CONVERSION = YES;
				CLANG_WARN_OBJC_ROOT_CLASS = YES_ERROR;
				CLANG_WARN_RANGE_LOOP_ANALYSIS = YES;
				CLANG_WARN_STRICT_PROTOTYPES = YES;
				CLANG_WARN_SUSPICIOUS_MOVE = YES;
				CLANG_WARN_UNGUARDED_AVAILABILITY = YES_AGGRESSIVE;
				CLANG_WARN_UNREACHABLE_CODE = YES;
				CLANG_WARN__DUPLICATE_METHOD_MATCH = YES;
				CODE_SIGN_IDENTITY = "iPhone Developer";
				COPY_PHASE_STRIP = NO;
				DEBUG_INFORMATION_FORMAT = dwarf;
				ENABLE_STRICT_OBJC_MSGSEND = YES;
				ENABLE_TESTABILITY = YES;
				GCC_C_LANGUAGE_STANDARD = gnu11;
				GCC_DYNAMIC_NO_PIC = NO;
				GCC_NO_COMMON_BLOCKS = YES;
				GCC_OPTIMIZATION_LEVEL = 0;
				GCC_PREPROCESSOR_DEFINITIONS = (
					"DEBUG=1",
					"$(inherited)",
				);
				GCC_WARN_64_TO_32_BIT_CONVERSION = YES;
				GCC_WARN_ABOUT_RETURN_TYPE = YES_ERROR;
				GCC_WARN_UNDECLARED_SELECTOR = YES;
				GCC_WARN_UNINITIALIZED_AUTOS = YES_AGGRESSIVE;
				GCC_WARN_UNUSED_FUNCTION = YES;
				GCC_WARN_UNUSED_VARIABLE = YES;
				IPHONEOS_DEPLOYMENT_TARGET = 10.3;
				MTL_ENABLE_DEBUG_INFO = YES;
				ONLY_ACTIVE_ARCH = YES;
				SDKROOT = iphoneos;
				SWIFT_ACTIVE_COMPILATION_CONDITIONS = DEBUG;
				SWIFT_OPTIMIZATION_LEVEL = "-Onone";
			};
			name = Debug;
		};
		BEB72AB71F5771120067BC00 /* Release */ = {
			isa = XCBuildConfiguration;
			buildSettings = {
				ALWAYS_SEARCH_USER_PATHS = NO;
				CLANG_ANALYZER_NONNULL = YES;
				CLANG_ANALYZER_NUMBER_OBJECT_CONVERSION = YES_AGGRESSIVE;
				CLANG_CXX_LANGUAGE_STANDARD = "gnu++14";
				CLANG_CXX_LIBRARY = "libc++";
				CLANG_ENABLE_MODULES = YES;
				CLANG_ENABLE_OBJC_ARC = YES;
				CLANG_WARN_BLOCK_CAPTURE_AUTORELEASING = YES;
				CLANG_WARN_BOOL_CONVERSION = YES;
				CLANG_WARN_COMMA = YES;
				CLANG_WARN_CONSTANT_CONVERSION = YES;
				CLANG_WARN_DIRECT_OBJC_ISA_USAGE = YES_ERROR;
				CLANG_WARN_DOCUMENTATION_COMMENTS = YES;
				CLANG_WARN_EMPTY_BODY = YES;
				CLANG_WARN_ENUM_CONVERSION = YES;
				CLANG_WARN_INFINITE_RECURSION = YES;
				CLANG_WARN_INT_CONVERSION = YES;
				CLANG_WARN_NON_LITERAL_NULL_CONVERSION = YES;
				CLANG_WARN_OBJC_LITERAL_CONVERSION = YES;
				CLANG_WARN_OBJC_ROOT_CLASS = YES_ERROR;
				CLANG_WARN_RANGE_LOOP_ANALYSIS = YES;
				CLANG_WARN_STRICT_PROTOTYPES = YES;
				CLANG_WARN_SUSPICIOUS_MOVE = YES;
				CLANG_WARN_UNGUARDED_AVAILABILITY = YES_AGGRESSIVE;
				CLANG_WARN_UNREACHABLE_CODE = YES;
				CLANG_WARN__DUPLICATE_METHOD_MATCH = YES;
				CODE_SIGN_IDENTITY = "iPhone Developer";
				COPY_PHASE_STRIP = NO;
				DEBUG_INFORMATION_FORMAT = "dwarf-with-dsym";
				ENABLE_NS_ASSERTIONS = NO;
				ENABLE_STRICT_OBJC_MSGSEND = YES;
				GCC_C_LANGUAGE_STANDARD = gnu11;
				GCC_NO_COMMON_BLOCKS = YES;
				GCC_WARN_64_TO_32_BIT_CONVERSION = YES;
				GCC_WARN_ABOUT_RETURN_TYPE = YES_ERROR;
				GCC_WARN_UNDECLARED_SELECTOR = YES;
				GCC_WARN_UNINITIALIZED_AUTOS = YES_AGGRESSIVE;
				GCC_WARN_UNUSED_FUNCTION = YES;
				GCC_WARN_UNUSED_VARIABLE = YES;
				IPHONEOS_DEPLOYMENT_TARGET = 10.3;
				MTL_ENABLE_DEBUG_INFO = NO;
				SDKROOT = iphoneos;
				SWIFT_OPTIMIZATION_LEVEL = "-Owholemodule";
				VALIDATE_PRODUCT = YES;
			};
			name = Release;
		};
		BEB72AB91F5771120067BC00 /* Debug */ = {
			isa = XCBuildConfiguration;
			baseConfigurationReference = D33DC111816E1FE2A37CFBAC /* Pods-Login.debug.xcconfig */;
			buildSettings = {
				ASSETCATALOG_COMPILER_APPICON_NAME = AppIcon;
				CODE_SIGN_STYLE = Automatic;
				DEVELOPMENT_TEAM = WD65G8C4YP;
				INFOPLIST_FILE = "$(SRCROOT)/Login/Info.plist";
				LD_RUNPATH_SEARCH_PATHS = "$(inherited) @executable_path/Frameworks";
				PRODUCT_BUNDLE_IDENTIFIER = com.swiftalmanac.login;
				PRODUCT_NAME = "$(TARGET_NAME)";
				SWIFT_VERSION = 4.0;
				TARGETED_DEVICE_FAMILY = "1,2";
			};
			name = Debug;
		};
		BEB72ABA1F5771120067BC00 /* Release */ = {
			isa = XCBuildConfiguration;
			baseConfigurationReference = 5FCE2858A050AE94DECAB46C /* Pods-Login.release.xcconfig */;
			buildSettings = {
				ASSETCATALOG_COMPILER_APPICON_NAME = AppIcon;
				CODE_SIGN_STYLE = Automatic;
				DEVELOPMENT_TEAM = WD65G8C4YP;
				INFOPLIST_FILE = "$(SRCROOT)/Login/Info.plist";
				LD_RUNPATH_SEARCH_PATHS = "$(inherited) @executable_path/Frameworks";
				PRODUCT_BUNDLE_IDENTIFIER = com.swiftalmanac.login;
				PRODUCT_NAME = "$(TARGET_NAME)";
				SWIFT_VERSION = 4.0;
				TARGETED_DEVICE_FAMILY = "1,2";
			};
			name = Release;
		};
/* End XCBuildConfiguration section */

/* Begin XCConfigurationList section */
		BEB72A9E1F5771120067BC00 /* Build configuration list for PBXProject "Login" */ = {
			isa = XCConfigurationList;
			buildConfigurations = (
				BEB72AB61F5771120067BC00 /* Debug */,
				BEB72AB71F5771120067BC00 /* Release */,
			);
			defaultConfigurationIsVisible = 0;
			defaultConfigurationName = Release;
		};
		BEB72AB81F5771120067BC00 /* Build configuration list for PBXNativeTarget "Login" */ = {
			isa = XCConfigurationList;
			buildConfigurations = (
				BEB72AB91F5771120067BC00 /* Debug */,
				BEB72ABA1F5771120067BC00 /* Release */,
			);
			defaultConfigurationIsVisible = 0;
			defaultConfigurationName = Release;
		};
/* End XCConfigurationList section */

/* Begin XCVersionGroup section */
		BEB72AAD1F5771120067BC00 /* __Login.xcdatamodeld */ = {
			isa = XCVersionGroup;
			children = (
				BEB72AAE1F5771120067BC00 /* __Login.xcdatamodel */,
			);
			currentVersion = BEB72AAE1F5771120067BC00 /* __Login.xcdatamodel */;
			path = __Login.xcdatamodeld;
			sourceTree = "<group>";
			versionGroupType = wrapper.xcdatamodel;
		};
/* End XCVersionGroup section */
	};
	rootObject = BEB72A9B1F5771120067BC00 /* Project object */;
}
